{
    "_readme": [
        "This file locks the dependencies of your project to a known state",
        "Read more about it at http://getcomposer.org/doc/01-basic-usage.md#composer-lock-the-lock-file",
        "This file is @generated automatically"
    ],
    "hash": "7a098d62ee23bf08d24a700ef591c452",
    "packages": [
        {
            "name": "leafo/lessphp",
            "version": "v0.5.0",
            "source": {
                "type": "git",
                "url": "https://github.com/leafo/lessphp.git",
                "reference": "0f5a7f5545d2bcf4e9fad9a228c8ad89cc9aa283"
            },
            "dist": {
                "type": "zip",
                "url": "https://api.github.com/repos/leafo/lessphp/zipball/0f5a7f5545d2bcf4e9fad9a228c8ad89cc9aa283",
                "reference": "0f5a7f5545d2bcf4e9fad9a228c8ad89cc9aa283",
                "shasum": ""
            },
            "type": "library",
            "extra": {
                "branch-alias": {
                    "dev-master": "0.4.x-dev"
                }
            },
            "autoload": {
                "classmap": [
                    "lessc.inc.php"
                ]
            },
            "notification-url": "https://packagist.org/downloads/",
            "license": [
                "MIT",
                "GPL-3.0"
            ],
            "authors": [
                {
                    "name": "Leaf Corcoran",
                    "email": "leafot@gmail.com",
                    "homepage": "http://leafo.net"
                }
            ],
            "description": "lessphp is a compiler for LESS written in PHP.",
            "homepage": "http://leafo.net/lessphp/",
            "time": "2014-11-24 18:39:20"
        },
        {
            "name": "michelf/php-markdown",
            "version": "1.5.0",
            "source": {
                "type": "git",
                "url": "https://github.com/michelf/php-markdown.git",
                "reference": "e1aabe18173231ebcefc90e615565742fc1c7fd9"
            },
            "dist": {
                "type": "zip",
                "url": "https://api.github.com/repos/michelf/php-markdown/zipball/e1aabe18173231ebcefc90e615565742fc1c7fd9",
                "reference": "e1aabe18173231ebcefc90e615565742fc1c7fd9",
                "shasum": ""
            },
            "require": {
                "php": ">=5.3.0"
            },
            "type": "library",
            "extra": {
                "branch-alias": {
                    "dev-lib": "1.4.x-dev"
                }
            },
            "autoload": {
                "psr-0": {
                    "Michelf": ""
                }
            },
            "notification-url": "https://packagist.org/downloads/",
            "license": [
                "BSD-3-Clause"
            ],
            "authors": [
                {
                    "name": "John Gruber",
                    "homepage": "http://daringfireball.net/"
                },
                {
                    "name": "Michel Fortin",
                    "email": "michel.fortin@michelf.ca",
                    "homepage": "https://michelf.ca/",
                    "role": "Developer"
                }
            ],
            "description": "PHP Markdown",
            "homepage": "https://michelf.ca/projects/php-markdown/",
            "keywords": [
                "markdown"
            ],
            "time": "2015-03-01 12:03:08"
        },
        {
            "name": "pixel418/markdownify",
            "version": "v2.1.9",
            "source": {
                "type": "git",
                "url": "https://github.com/Elephant418/Markdownify.git",
                "reference": "47bc526165921ce7bf5be4af615f3903fdc2fdfe"
            },
            "dist": {
                "type": "zip",
                "url": "https://api.github.com/repos/Elephant418/Markdownify/zipball/47bc526165921ce7bf5be4af615f3903fdc2fdfe",
                "reference": "47bc526165921ce7bf5be4af615f3903fdc2fdfe",
                "shasum": ""
            },
            "require": {
                "php": ">=5.3.0"
            },
            "type": "lib",
            "autoload": {
                "psr-0": {
                    "Markdownify": "src",
                    "Test\\Markdownify": "test"
                }
            },
            "notification-url": "https://packagist.org/downloads/",
            "license": [
                "MIT"
            ],
            "authors": [
                {
                    "name": "Peter Kruithof",
                    "email": "pkruithof@gmail.com",
                    "homepage": "http://pkruithof.tumblr.com/"
                },
                {
                    "name": "Milian Wolff",
                    "email": "mail@milianw.de",
                    "homepage": "http://milianw.de"
                },
                {
                    "name": "Thomas Zilliox",
                    "email": "hello@tzi.fr",
                    "homepage": "http://tzi.fr"
                }
            ],
            "description": "The HTML to Markdown converter for PHP ",
            "homepage": "https://github.com/elephant418/Markdownify",
            "keywords": [
                "markdown",
                "markdownify"
            ],
            "time": "2015-04-01 09:52:58"
        },
        {
            "name": "psr/log",
            "version": "1.0.0",
            "source": {
                "type": "git",
                "url": "https://github.com/php-fig/log.git",
                "reference": "fe0936ee26643249e916849d48e3a51d5f5e278b"
            },
            "dist": {
                "type": "zip",
                "url": "https://api.github.com/repos/php-fig/log/zipball/fe0936ee26643249e916849d48e3a51d5f5e278b",
                "reference": "fe0936ee26643249e916849d48e3a51d5f5e278b",
                "shasum": ""
            },
            "type": "library",
            "autoload": {
                "psr-0": {
                    "Psr\\Log\\": ""
                }
            },
            "notification-url": "https://packagist.org/downloads/",
            "license": [
                "MIT"
            ],
            "authors": [
                {
                    "name": "PHP-FIG",
                    "homepage": "http://www.php-fig.org/"
                }
            ],
            "description": "Common interface for logging libraries",
            "keywords": [
                "log",
                "psr",
                "psr-3"
            ],
            "time": "2012-12-21 11:40:51"
        },
        {
            "name": "ruflin/elastica",
            "version": "dev-master",
            "source": {
                "type": "git",
                "url": "https://github.com/ruflin/Elastica.git",
                "reference": "4b64014ac980e6c072f7556589e8ba5acf0134e0"
            },
            "dist": {
                "type": "zip",
                "url": "https://api.github.com/repos/ruflin/Elastica/zipball/4b64014ac980e6c072f7556589e8ba5acf0134e0",
                "reference": "4b64014ac980e6c072f7556589e8ba5acf0134e0",
                "shasum": ""
            },
            "require": {
                "php": ">=5.3.3",
                "psr/log": "~1.0"
            },
            "require-dev": {
                "fabpot/php-cs-fixer": "~1.4",
                "munkie/elasticsearch-thrift-php": "1.4.*",
                "phpunit/phpunit": "4.1.*"
            },
            "suggest": {
                "egeloen/http-adapter": "Allow using httpadapter transport",
                "guzzlehttp/guzzle": "Allow using guzzle 4.x as the http transport (Requires php 5.4)",
                "monolog/monolog": "Logging request",
                "munkie/elasticsearch-thrift-php": "Allow using thrift transport"
            },
            "type": "library",
            "extra": {
                "branch-alias": {
                    "dev-master": "1.4.x-dev"
                }
            },
            "autoload": {
                "psr-4": {
                    "Elastica\\": "lib/Elastica/",
                    "Elastica\\Test\\": "test/lib/Elastica/Test/"
                }
            },
            "notification-url": "https://packagist.org/downloads/",
            "license": [
                "MIT"
            ],
            "authors": [
                {
                    "name": "Nicolas Ruflin",
                    "homepage": "http://ruflin.com/"
                }
            ],
            "description": "Elasticsearch Client",
            "homepage": "http://elastica.io/",
            "keywords": [
                "client",
                "search"
            ],
            "time": "2015-04-24 14:04:10"
        },
        {
            "name": "videlalvaro/php-amqplib",
            "version": "dev-master",
            "source": {
                "type": "git",
                "url": "https://github.com/videlalvaro/php-amqplib.git",
                "reference": "0b5cfa6f3aef99c9a568469f3ece7f39e1d79099"
            },
            "dist": {
                "type": "zip",
                "url": "https://api.github.com/repos/videlalvaro/php-amqplib/zipball/0b5cfa6f3aef99c9a568469f3ece7f39e1d79099",
                "reference": "0b5cfa6f3aef99c9a568469f3ece7f39e1d79099",
                "shasum": ""
            },
            "require": {
                "ext-bcmath": "*",
                "ext-mbstring": "*",
                "php": ">=5.3.0"
            },
            "require-dev": {
                "phpunit/phpunit": "3.7.*"
            },
            "suggest": {
                "ext-sockets": "Use AMQPSocketConnection"
            },
            "type": "library",
            "extra": {
                "branch-alias": {
                    "dev-master": "2.4-dev"
                }
            },
            "autoload": {
                "psr-0": {
                    "PhpAmqpLib": ""
                }
            },
            "notification-url": "https://packagist.org/downloads/",
            "license": [
                "LGPL-2.1"
            ],
            "authors": [
                {
                    "name": "Alvaro Videla"
                }
            ],
            "description": "This library is a pure PHP implementation of the AMQP protocol. It's been tested against RabbitMQ.",
            "homepage": "https://github.com/videlalvaro/php-amqplib/",
            "keywords": [
                "message",
                "queue",
                "rabbitmq"
            ],
            "time": "2015-03-31 10:44:35"
        },
        {
            "name": "znarf/amateur",
            "version": "dev-amateur3",
            "source": {
                "type": "git",
                "url": "git@bitbucket.org:znarf/amateur.git",
                "reference": "d87c87ca4f5c25e537f4d7b28992f6daffe6fc02"
            },
            "require": {
                "php": ">=5.6.0"
            },
            "type": "library",
            "autoload": {
                "files": [
                    "amateur.php"
                ],
                "psr-4": {
                    "amateur\\": "classes/"
                }
            },
            "license": [
                "MIT"
            ],
            "authors": [
                {
                    "name": "François Hodierne",
                    "email": "francois@hodierne.net",
                    "homepage": "http://francois.hodierne.net/",
                    "role": "Developer"
                }
            ],
            "description": "Amateur",
            "homepage": "https://bitbucket.org/znarf/amateur",
            "time": "2015-05-01 21:46:12"
        }
    ],
    "packages-dev": [],
    "aliases": [],
    "minimum-stability": "stable",
    "stability-flags": {
        "znarf/amateur": 20,
        "videlalvaro/php-amqplib": 20,
        "ruflin/elastica": 20
    },
    "prefer-stable": false,
    "prefer-lowest": false,
    "platform": {
        "php": ">=5.6.0"
    },
    "platform-dev": []
}
